
Microsoft Visual Studio Solution File, Format Version 12.00
# Visual Studio Version 16
VisualStudioVersion = 16.0.29509.3
MinimumVisualStudioVersion = 10.0.40219.1
Project("{9A19103F-16F7-4668-BE54-9A1E7A4F7556}") = "SAMS.REST.API", "SAMS.REST.API.csproj", "{E95EF23D-29D4-4917-B189-2CE98B731BD9}"
EndProject
Project("{9A19103F-16F7-4668-BE54-9A1E7A4F7556}") = "SAMS.BusinessLogic", "..\SAMS.BusinessLogic\SAMS.BusinessLogic.csproj", "{8175BF18-733E-4C3A-B7BD-87C24EF842C0}"
EndProject
Project("{9A19103F-16F7-4668-BE54-9A1E7A4F7556}") = "SAMS.Database.EF", "..\SAMS.Database.EF\SAMS.Database.EF.csproj", "{4CBA57AA-7C4A-481E-B53D-A9C5073450E2}"
EndProject
Project("{9A19103F-16F7-4668-BE54-9A1E7A4F7556}") = "SAMS.Attendance.Receiving.Service", "..\SAMS.Attendance.Receiving.Service\SAMS.Attendance.Receiving.Service.csproj", "{D70B6CCC-2409-490D-837E-CFC2CF881399}"
EndProject
Project("{2150E333-8FDC-42A3-9474-1A3956D46DE8}") = "Emulators", "Emulators", "{89BB36A1-A965-4D95-AA66-296A0391B431}"
EndProject
Project("{9A19103F-16F7-4668-BE54-9A1E7A4F7556}") = "Emulator.TTI.REST.API", "..\Emulator.TTI.REST.API\Emulator.TTI.REST.API.csproj", "{D2230E5F-0877-429A-A81A-07E3E03FF6ED}"
EndProject
Project("{FAE04EC0-301F-11D3-BF4B-00C04F79EFBC}") = "Emulator.TTI.AuthorizationService", "..\Emulator.TTI.AuthorizationService\Emulator.TTI.AuthorizationService.csproj", "{C2FB9F4D-FFE4-4448-8560-1162E072F9A5}"
EndProject
Project("{FAE04EC0-301F-11D3-BF4B-00C04F79EFBC}") = "SAMS.Notification.Service", "..\SAMS.Notification.Service\SAMS.Notification.Service.csproj", "{5EF45696-CD81-4FE4-AD41-4FA7AC727067}"
EndProject
Global
	GlobalSection(SolutionConfigurationPlatforms) = preSolution
		Debug|Any CPU = Debug|Any CPU
		Release|Any CPU = Release|Any CPU
	EndGlobalSection
	GlobalSection(ProjectConfigurationPlatforms) = postSolution
		{E95EF23D-29D4-4917-B189-2CE98B731BD9}.Debug|Any CPU.ActiveCfg = Debug|Any CPU
		{E95EF23D-29D4-4917-B189-2CE98B731BD9}.Debug|Any CPU.Build.0 = Debug|Any CPU
		{E95EF23D-29D4-4917-B189-2CE98B731BD9}.Release|Any CPU.ActiveCfg = Release|Any CPU
		{E95EF23D-29D4-4917-B189-2CE98B731BD9}.Release|Any CPU.Build.0 = Release|Any CPU
		{8175BF18-733E-4C3A-B7BD-87C24EF842C0}.Debug|Any CPU.ActiveCfg = Debug|Any CPU
		{8175BF18-733E-4C3A-B7BD-87C24EF842C0}.Debug|Any CPU.Build.0 = Debug|Any CPU
		{8175BF18-733E-4C3A-B7BD-87C24EF842C0}.Release|Any CPU.ActiveCfg = Release|Any CPU
		{8175BF18-733E-4C3A-B7BD-87C24EF842C0}.Release|Any CPU.Build.0 = Release|Any CPU
		{4CBA57AA-7C4A-481E-B53D-A9C5073450E2}.Debug|Any CPU.ActiveCfg = Debug|Any CPU
		{4CBA57AA-7C4A-481E-B53D-A9C5073450E2}.Debug|Any CPU.Build.0 = Debug|Any CPU
		{4CBA57AA-7C4A-481E-B53D-A9C5073450E2}.Release|Any CPU.ActiveCfg = Release|Any CPU
		{4CBA57AA-7C4A-481E-B53D-A9C5073450E2}.Release|Any CPU.Build.0 = Release|Any CPU
		{D70B6CCC-2409-490D-837E-CFC2CF881399}.Debug|Any CPU.ActiveCfg = Debug|Any CPU
		{D70B6CCC-2409-490D-837E-CFC2CF881399}.Debug|Any CPU.Build.0 = Debug|Any CPU
		{D70B6CCC-2409-490D-837E-CFC2CF881399}.Release|Any CPU.ActiveCfg = Release|Any CPU
		{D70B6CCC-2409-490D-837E-CFC2CF881399}.Release|Any CPU.Build.0 = Release|Any CPU
		{D2230E5F-0877-429A-A81A-07E3E03FF6ED}.Debug|Any CPU.ActiveCfg = Debug|Any CPU
		{D2230E5F-0877-429A-A81A-07E3E03FF6ED}.Debug|Any CPU.Build.0 = Debug|Any CPU
		{D2230E5F-0877-429A-A81A-07E3E03FF6ED}.Release|Any CPU.ActiveCfg = Release|Any CPU
		{D2230E5F-0877-429A-A81A-07E3E03FF6ED}.Release|Any CPU.Build.0 = Release|Any CPU
		{C2FB9F4D-FFE4-4448-8560-1162E072F9A5}.Debug|Any CPU.ActiveCfg = Debug|Any CPU
		{C2FB9F4D-FFE4-4448-8560-1162E072F9A5}.Debug|Any CPU.Build.0 = Debug|Any CPU
		{C2FB9F4D-FFE4-4448-8560-1162E072F9A5}.Release|Any CPU.ActiveCfg = Release|Any CPU
		{C2FB9F4D-FFE4-4448-8560-1162E072F9A5}.Release|Any CPU.Build.0 = Release|Any CPU
		{5EF45696-CD81-4FE4-AD41-4FA7AC727067}.Debug|Any CPU.ActiveCfg = Debug|Any CPU
		{5EF45696-CD81-4FE4-AD41-4FA7AC727067}.Debug|Any CPU.Build.0 = Debug|Any CPU
		{5EF45696-CD81-4FE4-AD41-4FA7AC727067}.Release|Any CPU.ActiveCfg = Release|Any CPU
		{5EF45696-CD81-4FE4-AD41-4FA7AC727067}.Release|Any CPU.Build.0 = Release|Any CPU
	EndGlobalSection
	GlobalSection(SolutionProperties) = preSolution
		HideSolutionNode = FALSE
	EndGlobalSection
	GlobalSection(NestedProjects) = preSolution
		{D2230E5F-0877-429A-A81A-07E3E03FF6ED} = {89BB36A1-A965-4D95-AA66-296A0391B431}
		{C2FB9F4D-FFE4-4448-8560-1162E072F9A5} = {89BB36A1-A965-4D95-AA66-296A0391B431}
	EndGlobalSection
	GlobalSection(ExtensibilityGlobals) = postSolution
		SolutionGuid = {EC3F4BD6-75DD-48DD-8D9B-5BFF8CB045B6}
	EndGlobalSection
EndGlobal
